
Microsoft Visual Studio Solution File, Format Version 12.00
# Visual Studio 15
VisualStudioVersion = 15.0.28307.489
MinimumVisualStudioVersion = 10.0.40219.1
Project("{FAE04EC0-301F-11D3-BF4B-00C04F79EFBC}") = "UA Client Example Simple", "SimpleClient\UA Client Example Simple.csproj", "{FA97DC0E-448B-447B-A54F-128B3E65B91F}"
EndProject
Project("{FAE04EC0-301F-11D3-BF4B-00C04F79EFBC}") = "UA Core Library", "UaCoreApi\Core\UA Core Library.csproj", "{7543AFCB-F5AF-44AF-83C9-23164474C1E9}"
EndProject
Project("{FAE04EC0-301F-11D3-BF4B-00C04F79EFBC}") = "UA Client Library", "UaClientApi\UA Client Library.csproj", "{42E9198C-ED2C-4BC8-B0A1-55D91D8F1E90}"
EndProject
Project("{FAE04EC0-301F-11D3-BF4B-00C04F79EFBC}") = "SimpleWebOPC", "SimpleWebOPC\SimpleWebOPC.csproj", "{5C7505E8-2034-4371-A3B7-74AED2210A0F}"
EndProject
Project("{FAE04EC0-301F-11D3-BF4B-00C04F79EFBC}") = "ModbusCommunication", "ConsoleApp1\ModbusCommunication.csproj", "{5943BE16-AF8C-4025-99C6-F37CA42B1BBC}"
EndProject
Project("{FAE04EC0-301F-11D3-BF4B-00C04F79EFBC}") = "SimpleWebOPCTests", "SimpleWebOPCTests\SimpleWebOPCTests.csproj", "{0ACEFD37-A317-41C8-A081-2392E0A9AE8A}"
EndProject
Global
	GlobalSection(SolutionConfigurationPlatforms) = preSolution
		Debug|Any CPU = Debug|Any CPU
		Release|Any CPU = Release|Any CPU
	EndGlobalSection
	GlobalSection(ProjectConfigurationPlatforms) = postSolution
		{FA97DC0E-448B-447B-A54F-128B3E65B91F}.Debug|Any CPU.ActiveCfg = Debug|Any CPU
		{FA97DC0E-448B-447B-A54F-128B3E65B91F}.Debug|Any CPU.Build.0 = Debug|Any CPU
		{FA97DC0E-448B-447B-A54F-128B3E65B91F}.Release|Any CPU.ActiveCfg = Release|Any CPU
		{FA97DC0E-448B-447B-A54F-128B3E65B91F}.Release|Any CPU.Build.0 = Release|Any CPU
		{7543AFCB-F5AF-44AF-83C9-23164474C1E9}.Debug|Any CPU.ActiveCfg = Debug|Any CPU
		{7543AFCB-F5AF-44AF-83C9-23164474C1E9}.Debug|Any CPU.Build.0 = Debug|Any CPU
		{7543AFCB-F5AF-44AF-83C9-23164474C1E9}.Release|Any CPU.ActiveCfg = Release|Any CPU
		{7543AFCB-F5AF-44AF-83C9-23164474C1E9}.Release|Any CPU.Build.0 = Release|Any CPU
		{42E9198C-ED2C-4BC8-B0A1-55D91D8F1E90}.Debug|Any CPU.ActiveCfg = Debug|Any CPU
		{42E9198C-ED2C-4BC8-B0A1-55D91D8F1E90}.Debug|Any CPU.Build.0 = Debug|Any CPU
		{42E9198C-ED2C-4BC8-B0A1-55D91D8F1E90}.Release|Any CPU.ActiveCfg = Release|Any CPU
		{42E9198C-ED2C-4BC8-B0A1-55D91D8F1E90}.Release|Any CPU.Build.0 = Release|Any CPU
		{5C7505E8-2034-4371-A3B7-74AED2210A0F}.Debug|Any CPU.ActiveCfg = Debug|Any CPU
		{5C7505E8-2034-4371-A3B7-74AED2210A0F}.Debug|Any CPU.Build.0 = Debug|Any CPU
		{5C7505E8-2034-4371-A3B7-74AED2210A0F}.Release|Any CPU.ActiveCfg = Release|Any CPU
		{5C7505E8-2034-4371-A3B7-74AED2210A0F}.Release|Any CPU.Build.0 = Release|Any CPU
		{5943BE16-AF8C-4025-99C6-F37CA42B1BBC}.Debug|Any CPU.ActiveCfg = Debug|Any CPU
		{5943BE16-AF8C-4025-99C6-F37CA42B1BBC}.Debug|Any CPU.Build.0 = Debug|Any CPU
		{5943BE16-AF8C-4025-99C6-F37CA42B1BBC}.Release|Any CPU.ActiveCfg = Release|Any CPU
		{5943BE16-AF8C-4025-99C6-F37CA42B1BBC}.Release|Any CPU.Build.0 = Release|Any CPU
		{0ACEFD37-A317-41C8-A081-2392E0A9AE8A}.Debug|Any CPU.ActiveCfg = Debug|Any CPU
		{0ACEFD37-A317-41C8-A081-2392E0A9AE8A}.Debug|Any CPU.Build.0 = Debug|Any CPU
		{0ACEFD37-A317-41C8-A081-2392E0A9AE8A}.Release|Any CPU.ActiveCfg = Release|Any CPU
		{0ACEFD37-A317-41C8-A081-2392E0A9AE8A}.Release|Any CPU.Build.0 = Release|Any CPU
	EndGlobalSection
	GlobalSection(SolutionProperties) = preSolution
		HideSolutionNode = FALSE
	EndGlobalSection
	GlobalSection(ExtensibilityGlobals) = postSolution
		SolutionGuid = {1CE5BFAD-2FA6-4D99-B8C1-D61A6C23A08E}
	EndGlobalSection
EndGlobal
